{
  "version": 2,
  "dependencies": {
    "net10.0": {
      "jerseyos.api": {
        "type": "Project",
        "dependencies": {
          "JerseyOs.Application": "[1.0.0, )",
          "JerseyOs.Contracts": "[1.0.0, )",
          "JerseyOs.Infrastructure": "[1.0.0, )"
        }
      },
      "jerseyos.application": {
        "type": "Project",
        "dependencies": {
          "JerseyOs.Contracts": "[1.0.0, )",
          "JerseyOs.Domain": "[1.0.0, )",
          "JerseyOs.SharedKernel": "[1.0.0, )"
        }
      },
      "jerseyos.contracts": {
        "type": "Project"
      },
      "jerseyos.domain": {
        "type": "Project",
        "dependencies": {
          "JerseyOs.SharedKernel": "[1.0.0, )"
        }
      },
      "jerseyos.infrastructure": {
        "type": "Project",
        "dependencies": {
          "JerseyOs.Application": "[1.0.0, )",
          "JerseyOs.Domain": "[1.0.0, )",
          "JerseyOs.SharedKernel": "[1.0.0, )"
        }
      },
      "jerseyos.sharedkernel": {
        "type": "Project"
      }
    }
  }
}